{
  "name": "@mufni/mathx",
  "version": "1.0.0",
  "lockfileVersion": 3,
  "requires": true,
  "packages": {
    "": {
      "name": "@mufni/mathx",
      "version": "1.0.0",
      "license": "MIT",
      "dependencies": {
        "libphonenumber-js": "^1.12.24"
      }
    },
    "node_modules/libphonenumber-js": {
      "version": "1.12.24",
      "resolved": "https://registry.npmjs.org/libphonenumber-js/-/libphonenumber-js-1.12.24.tgz",
      "integrity": "sha512-l5IlyL9AONj4voSd7q9xkuQOL4u8Ty44puTic7J88CmdXkxfGsRfoVLXHCxppwehgpb/Chdb80FFehHqjN3ItQ==",
      "license": "MIT"
    }
  }
}
